
Microsoft Visual Studio Solution File, Format Version 12.00
# Visual Studio Version 17
VisualStudioVersion = 17.4.33205.214
MinimumVisualStudioVersion = 10.0.40219.1
Project("{54A90642-561A-4BB1-A94E-469ADEE60C69}") = "frontend", "frontend\frontend.esproj", "{281268BA-12F5-4298-AFE1-97B7B93D94A6}"
EndProject
Project("{FAE04EC0-301F-11D3-BF4B-00C04F79EFBC}") = "backend", "backend\backend.csproj", "{EB138761-8AEA-415D-98A7-45945C458F65}"
EndProject
Project("{E53339B2-1760-4266-BCC7-CA923CBCF16C}") = "docker-compose", "docker-compose.dcproj", "{2C0D83C8-D975-4687-85C2-3A11C51797F8}"
EndProject
Global
	GlobalSection(SolutionConfigurationPlatforms) = preSolution
		Debug|Any CPU = Debug|Any CPU
		Release|Any CPU = Release|Any CPU
	EndGlobalSection
	GlobalSection(ProjectConfigurationPlatforms) = postSolution
		{281268BA-12F5-4298-AFE1-97B7B93D94A6}.Debug|Any CPU.ActiveCfg = Debug|Any CPU
		{281268BA-12F5-4298-AFE1-97B7B93D94A6}.Debug|Any CPU.Build.0 = Debug|Any CPU
		{281268BA-12F5-4298-AFE1-97B7B93D94A6}.Debug|Any CPU.Deploy.0 = Debug|Any CPU
		{281268BA-12F5-4298-AFE1-97B7B93D94A6}.Release|Any CPU.ActiveCfg = Release|Any CPU
		{281268BA-12F5-4298-AFE1-97B7B93D94A6}.Release|Any CPU.Build.0 = Release|Any CPU
		{281268BA-12F5-4298-AFE1-97B7B93D94A6}.Release|Any CPU.Deploy.0 = Release|Any CPU
		{EB138761-8AEA-415D-98A7-45945C458F65}.Debug|Any CPU.ActiveCfg = Debug|Any CPU
		{EB138761-8AEA-415D-98A7-45945C458F65}.Debug|Any CPU.Build.0 = Debug|Any CPU
		{EB138761-8AEA-415D-98A7-45945C458F65}.Release|Any CPU.ActiveCfg = Release|Any CPU
		{EB138761-8AEA-415D-98A7-45945C458F65}.Release|Any CPU.Build.0 = Release|Any CPU
		{2C0D83C8-D975-4687-85C2-3A11C51797F8}.Debug|Any CPU.ActiveCfg = Debug|Any CPU
		{2C0D83C8-D975-4687-85C2-3A11C51797F8}.Debug|Any CPU.Build.0 = Debug|Any CPU
		{2C0D83C8-D975-4687-85C2-3A11C51797F8}.Release|Any CPU.ActiveCfg = Release|Any CPU
		{2C0D83C8-D975-4687-85C2-3A11C51797F8}.Release|Any CPU.Build.0 = Release|Any CPU
	EndGlobalSection
	GlobalSection(SolutionProperties) = preSolution
		HideSolutionNode = FALSE
	EndGlobalSection
	GlobalSection(ExtensibilityGlobals) = postSolution
		SolutionGuid = {5894C35C-EE45-4AC8-8B00-B4C8AD73C62B}
	EndGlobalSection
EndGlobal
